{
  "name": "@nlighten/monaco-json-transform",
  "version": "1.2.5",
  "lockfileVersion": 3,
  "requires": true,
  "packages": {
    "": {
      "name": "@nlighten/monaco-json-transform",
      "version": "1.2.5",
      "license": "MIT",
      "devDependencies": {
        "@nlighten/json-schema-utils": "^1.0.3",
        "@nlighten/json-transform-core": "file://../json-transform-core",
        "monaco-editor": "^0.52.2",
        "prettier": "3.1.1",
        "typescript": "^5.3.3"
      },
      "peerDependencies": {
        "@nlighten/json-schema-utils": "^1.0.3",
        "@nlighten/json-transform-core": "^1.8.1",
        "monaco-editor": "*"
      }
    },
    "../json-transform-core": {
      "name": "@nlighten/json-transform-core",
      "version": "1.8.1",
      "dev": true,
      "license": "MIT",
      "devDependencies": {
        "@nlighten/json-schema-utils": "^1.0.3",
        "prettier": "3.1.1",
        "typescript": "^5.3.3",
        "vitest": "1.2.2"
      },
      "peerDependencies": {
        "@nlighten/json-schema-utils": "^1.0.3"
      }
    },
    "node_modules/@nlighten/json-schema-utils": {
      "version": "1.0.3",
      "resolved": "https://registry.npmjs.org/@nlighten/json-schema-utils/-/json-schema-utils-1.0.3.tgz",
      "integrity": "sha512-crf95vrpCXI+Wr02GNKWdq5UAvCiy5KmrpbEqnkSizmZ2kTKP4KWE7XUtaAzgGtt70Y+GvgKjiZHcT8I2LBE7A==",
      "dev": true,
      "license": "MIT"
    },
    "node_modules/@nlighten/json-transform-core": {
      "resolved": "../json-transform-core",
      "link": true
    },
    "node_modules/monaco-editor": {
      "version": "0.52.2",
      "resolved": "https://registry.npmjs.org/monaco-editor/-/monaco-editor-0.52.2.tgz",
      "integrity": "sha512-GEQWEZmfkOGLdd3XK8ryrfWz3AIP8YymVXiPHEdewrUq7mh0qrKrfHLNCXcbB6sTnMLnOZ3ztSiKcciFUkIJwQ==",
      "dev": true,
      "license": "MIT"
    },
    "node_modules/prettier": {
      "version": "3.1.1",
      "resolved": "https://registry.npmjs.org/prettier/-/prettier-3.1.1.tgz",
      "integrity": "sha512-22UbSzg8luF4UuZtzgiUOfcGM8s4tjBv6dJRT7j275NXsy2jb4aJa4NNveul5x4eqlF1wuhuR2RElK71RvmVaw==",
      "dev": true,
      "license": "MIT",
      "bin": {
        "prettier": "bin/prettier.cjs"
      },
      "engines": {
        "node": ">=14"
      },
      "funding": {
        "url": "https://github.com/prettier/prettier?sponsor=1"
      }
    },
    "node_modules/typescript": {
      "version": "5.7.3",
      "resolved": "https://registry.npmjs.org/typescript/-/typescript-5.7.3.tgz",
      "integrity": "sha512-84MVSjMEHP+FQRPy3pX9sTVV/INIex71s9TL2Gm5FG/WG1SqXeKyZ0k7/blY/4FdOzI12CBy1vGc4og/eus0fw==",
      "dev": true,
      "license": "Apache-2.0",
      "bin": {
        "tsc": "bin/tsc",
        "tsserver": "bin/tsserver"
      },
      "engines": {
        "node": ">=14.17"
      }
    }
  }
}
